
Microsoft Visual Studio Solution File, Format Version 12.00
Project("{FAE04EC0-301F-11D3-BF4B-00C04F79EFBC}") = "Linq.SelectMany", "Linq.SelectMany\Linq.SelectMany.csproj", "{4000CB65-0EE8-4A5B-8F44-4DB82DF4977B}"
EndProject
Project("{FAE04EC0-301F-11D3-BF4B-00C04F79EFBC}") = "Linq.Core", "Linq.Core\Linq.Core.csproj", "{7EF02FEE-D8D5-4E9D-A744-EFEEF05105AD}"
EndProject
Project("{FAE04EC0-301F-11D3-BF4B-00C04F79EFBC}") = "Linq.Filtering", "Linq.Filtering\Linq.Filtering.csproj", "{2F9FB109-616E-4CBB-9898-B70A370C9B89}"
EndProject
Project("{FAE04EC0-301F-11D3-BF4B-00C04F79EFBC}") = "Linq.OfType", "Linq.OfType\Linq.OfType.csproj", "{46C5C237-DAA3-49B6-A0AC-A5475F48AF4C}"
EndProject
Global
	GlobalSection(SolutionConfigurationPlatforms) = preSolution
		Debug|Any CPU = Debug|Any CPU
		Release|Any CPU = Release|Any CPU
	EndGlobalSection
	GlobalSection(ProjectConfigurationPlatforms) = postSolution
		{4000CB65-0EE8-4A5B-8F44-4DB82DF4977B}.Debug|Any CPU.ActiveCfg = Debug|Any CPU
		{4000CB65-0EE8-4A5B-8F44-4DB82DF4977B}.Debug|Any CPU.Build.0 = Debug|Any CPU
		{4000CB65-0EE8-4A5B-8F44-4DB82DF4977B}.Release|Any CPU.ActiveCfg = Release|Any CPU
		{4000CB65-0EE8-4A5B-8F44-4DB82DF4977B}.Release|Any CPU.Build.0 = Release|Any CPU
		{7EF02FEE-D8D5-4E9D-A744-EFEEF05105AD}.Debug|Any CPU.ActiveCfg = Debug|Any CPU
		{7EF02FEE-D8D5-4E9D-A744-EFEEF05105AD}.Debug|Any CPU.Build.0 = Debug|Any CPU
		{7EF02FEE-D8D5-4E9D-A744-EFEEF05105AD}.Release|Any CPU.ActiveCfg = Release|Any CPU
		{7EF02FEE-D8D5-4E9D-A744-EFEEF05105AD}.Release|Any CPU.Build.0 = Release|Any CPU
		{2F9FB109-616E-4CBB-9898-B70A370C9B89}.Debug|Any CPU.ActiveCfg = Debug|Any CPU
		{2F9FB109-616E-4CBB-9898-B70A370C9B89}.Debug|Any CPU.Build.0 = Debug|Any CPU
		{2F9FB109-616E-4CBB-9898-B70A370C9B89}.Release|Any CPU.ActiveCfg = Release|Any CPU
		{2F9FB109-616E-4CBB-9898-B70A370C9B89}.Release|Any CPU.Build.0 = Release|Any CPU
		{46C5C237-DAA3-49B6-A0AC-A5475F48AF4C}.Debug|Any CPU.ActiveCfg = Debug|Any CPU
		{46C5C237-DAA3-49B6-A0AC-A5475F48AF4C}.Debug|Any CPU.Build.0 = Debug|Any CPU
		{46C5C237-DAA3-49B6-A0AC-A5475F48AF4C}.Release|Any CPU.ActiveCfg = Release|Any CPU
		{46C5C237-DAA3-49B6-A0AC-A5475F48AF4C}.Release|Any CPU.Build.0 = Release|Any CPU
	EndGlobalSection
EndGlobal
